
Microsoft Visual Studio Solution File, Format Version 12.00
# Visual Studio Version 17
VisualStudioVersion = 17.10.34928.147
MinimumVisualStudioVersion = 10.0.40219.1
Project("{8BC9CEB8-8B4A-11D0-8D11-00A0C91BC942}") = "HebrewLearning", "HebrewLearning.vcxproj", "{66C8C05B-4B5E-427D-9FC6-C3AB7B21EB04}"
EndProject
Global
	GlobalSection(SolutionConfigurationPlatforms) = preSolution
		Debug|x64 = Debug|x64
		Debug|x86 = Debug|x86
		Release|x64 = Release|x64
		Release|x86 = Release|x86
	EndGlobalSection
	GlobalSection(ProjectConfigurationPlatforms) = postSolution
		{66C8C05B-4B5E-427D-9FC6-C3AB7B21EB04}.Debug|x64.ActiveCfg = Debug|x64
		{66C8C05B-4B5E-427D-9FC6-C3AB7B21EB04}.Debug|x64.Build.0 = Debug|x64
		{66C8C05B-4B5E-427D-9FC6-C3AB7B21EB04}.Debug|x86.ActiveCfg = Debug|Win32
		{66C8C05B-4B5E-427D-9FC6-C3AB7B21EB04}.Debug|x86.Build.0 = Debug|Win32
		{66C8C05B-4B5E-427D-9FC6-C3AB7B21EB04}.Release|x64.ActiveCfg = Release|x64
		{66C8C05B-4B5E-427D-9FC6-C3AB7B21EB04}.Release|x64.Build.0 = Release|x64
		{66C8C05B-4B5E-427D-9FC6-C3AB7B21EB04}.Release|x86.ActiveCfg = Release|Win32
		{66C8C05B-4B5E-427D-9FC6-C3AB7B21EB04}.Release|x86.Build.0 = Release|Win32
	EndGlobalSection
	GlobalSection(SolutionProperties) = preSolution
		HideSolutionNode = FALSE
	EndGlobalSection
	GlobalSection(ExtensibilityGlobals) = postSolution
		SolutionGuid = {3B6EEDD1-BA09-4C2D-A882-17E56F7F2DC9}
	EndGlobalSection
EndGlobal
